PODS:
  - Alamofire (4.9.1)
  - AlamofireImage (3.6.0):
    - Alamofire (~> 4.9)

DEPENDENCIES:
  - AlamofireImage (~> 3.5)

SPEC REPOS:
  https://github.com/cocoapods/specs.git:
    - Alamofire
    - AlamofireImage

SPEC CHECKSUMS:
  Alamofire: 85e8a02c69d6020a0d734f6054870d7ecb75cf18
  AlamofireImage: be9963c6582d68b39e89191f64c82a7d7bf40fdd

PODFILE CHECKSUM: bdcfcb711a2f5d9e52b6d7cf7ecddc613d9aaa13

COCOAPODS: 1.5.2
