// !$*UTF8*$!
{
	archiveVersion = 1;
	classes = {
	};
	objectVersion = 50;
	objects = {

/* Begin PBXBuildFile section */
		2EDA1AFE6BB20EA5E26A618E /* Pods_Work_it.framework in Frameworks */ = {isa = PBXBuildFile; fileRef = 8C74F937F9C1417FB87ECB35 /* Pods_Work_it.framework */; };
		A44A089023DBF83600222C33 /* AppDelegate.swift in Sources */ = {isa = PBXBuildFile; fileRef = A44A088F23DBF83600222C33 /* AppDelegate.swift */; };
		A44A089223DBF83600222C33 /* SceneDelegate.swift in Sources */ = {isa = PBXBuildFile; fileRef = A44A089123DBF83600222C33 /* SceneDelegate.swift */; };
		A44A089723DBF83600222C33 /* Main.storyboard in Resources */ = {isa = PBXBuildFile; fileRef = A44A089523DBF83600222C33 /* Main.storyboard */; };
		A44A089923DBF83800222C33 /* Assets.xcassets in Resources */ = {isa = PBXBuildFile; fileRef = A44A089823DBF83800222C33 /* Assets.xcassets */; };
		A44A089C23DBF83800222C33 /* LaunchScreen.storyboard in Resources */ = {isa = PBXBuildFile; fileRef = A44A089A23DBF83800222C33 /* LaunchScreen.storyboard */; };
		A44A08A623DBFB9900222C33 /* TypeCell.swift in Sources */ = {isa = PBXBuildFile; fileRef = A44A08A523DBFB9900222C33 /* TypeCell.swift */; };
		A44A08A923DBFC4C00222C33 /* workOut.swift in Sources */ = {isa = PBXBuildFile; fileRef = A44A08A823DBFC4C00222C33 /* workOut.swift */; };
		A44A08AD23DC042600222C33 /* RoundedLabel.swift in Sources */ = {isa = PBXBuildFile; fileRef = A44A08AC23DC042600222C33 /* RoundedLabel.swift */; };
		A44A08AF23DC04EC00222C33 /* RoundedButton.swift in Sources */ = {isa = PBXBuildFile; fileRef = A44A08AE23DC04EC00222C33 /* RoundedButton.swift */; };
		A4AA6EAC23DCA1820096D1AB /* Constants.swift in Sources */ = {isa = PBXBuildFile; fileRef = A4AA6EAB23DCA1820096D1AB /* Constants.swift */; };
		A4AA6EB123DCAE8F0096D1AB /* RoundedText.swift in Sources */ = {isa = PBXBuildFile; fileRef = A4AA6EB023DCAE8F0096D1AB /* RoundedText.swift */; };
		A4AA6EB323DCB17C0096D1AB /* WorkOutVC.swift in Sources */ = {isa = PBXBuildFile; fileRef = A4AA6EB223DCB17C0096D1AB /* WorkOutVC.swift */; };
/* End PBXBuildFile section */

/* Begin PBXFileReference section */
		2EEBB7CF43BBAC000BEB7705 /* Pods-Work it.debug.xcconfig */ = {isa = PBXFileReference; includeInIndex = 1; lastKnownFileType = text.xcconfig; name = "Pods-Work it.debug.xcconfig"; path = "Pods/Target Support Files/Pods-Work it/Pods-Work it.debug.xcconfig"; sourceTree = "<group>"; };
		8C74F937F9C1417FB87ECB35 /* Pods_Work_it.framework */ = {isa = PBXFileReference; explicitFileType = wrapper.framework; includeInIndex = 0; path = Pods_Work_it.framework; sourceTree = BUILT_PRODUCTS_DIR; };
		A44A088C23DBF83600222C33 /* Work it.app */ = {isa = PBXFileReference; explicitFileType = wrapper.application; includeInIndex = 0; path = "Work it.app"; sourceTree = BUILT_PRODUCTS_DIR; };
		A44A088F23DBF83600222C33 /* AppDelegate.swift */ = {isa = PBXFileReference; lastKnownFileType = sourcecode.swift; path = AppDelegate.swift; sourceTree = "<group>"; };
		A44A089123DBF83600222C33 /* SceneDelegate.swift */ = {isa = PBXFileReference; lastKnownFileType = sourcecode.swift; path = SceneDelegate.swift; sourceTree = "<group>"; };
		A44A089623DBF83600222C33 /* Base */ = {isa = PBXFileReference; lastKnownFileType = file.storyboard; name = Base; path = Base.lproj/Main.storyboard; sourceTree = "<group>"; };
		A44A089823DBF83800222C33 /* Assets.xcassets */ = {isa = PBXFileReference; lastKnownFileType = folder.assetcatalog; path = Assets.xcassets; sourceTree = "<group>"; };
		A44A089B23DBF83800222C33 /* Base */ = {isa = PBXFileReference; lastKnownFileType = file.storyboard; name = Base; path = Base.lproj/LaunchScreen.storyboard; sourceTree = "<group>"; };
		A44A089D23DBF83800222C33 /* Info.plist */ = {isa = PBXFileReference; lastKnownFileType = text.plist.xml; path = Info.plist; sourceTree = "<group>"; };
		A44A08A523DBFB9900222C33 /* TypeCell.swift */ = {isa = PBXFileReference; lastKnownFileType = sourcecode.swift; path = TypeCell.swift; sourceTree = "<group>"; };
		A44A08A823DBFC4C00222C33 /* workOut.swift */ = {isa = PBXFileReference; lastKnownFileType = sourcecode.swift; path = workOut.swift; sourceTree = "<group>"; };
		A44A08AC23DC042600222C33 /* RoundedLabel.swift */ = {isa = PBXFileReference; lastKnownFileType = sourcecode.swift; path = RoundedLabel.swift; sourceTree = "<group>"; };
		A44A08AE23DC04EC00222C33 /* RoundedButton.swift */ = {isa = PBXFileReference; lastKnownFileType = sourcecode.swift; path = RoundedButton.swift; sourceTree = "<group>"; };
		A4AA6EAB23DCA1820096D1AB /* Constants.swift */ = {isa = PBXFileReference; lastKnownFileType = sourcecode.swift; path = Constants.swift; sourceTree = "<group>"; };
		A4AA6EB023DCAE8F0096D1AB /* RoundedText.swift */ = {isa = PBXFileReference; lastKnownFileType = sourcecode.swift; path = RoundedText.swift; sourceTree = "<group>"; };
		A4AA6EB223DCB17C0096D1AB /* WorkOutVC.swift */ = {isa = PBXFileReference; fileEncoding = 4; lastKnownFileType = sourcecode.swift; path = WorkOutVC.swift; sourceTree = "<group>"; };
		EF51A520E00EAF48C016EBD5 /* Pods-Work it.release.xcconfig */ = {isa = PBXFileReference; includeInIndex = 1; lastKnownFileType = text.xcconfig; name = "Pods-Work it.release.xcconfig"; path = "Pods/Target Support Files/Pods-Work it/Pods-Work it.release.xcconfig"; sourceTree = "<group>"; };
/* End PBXFileReference section */

/* Begin PBXFrameworksBuildPhase section */
		A44A088923DBF83600222C33 /* Frameworks */ = {
			isa = PBXFrameworksBuildPhase;
			buildActionMask = 2147483647;
			files = (
				2EDA1AFE6BB20EA5E26A618E /* Pods_Work_it.framework in Frameworks */,
			);
			runOnlyForDeploymentPostprocessing = 0;
		};
/* End PBXFrameworksBuildPhase section */

/* Begin PBXGroup section */
		A44A088323DBF83600222C33 = {
			isa = PBXGroup;
			children = (
				A44A088E23DBF83600222C33 /* Work it */,
				A44A088D23DBF83600222C33 /* Products */,
				D30E5F3DFFAE2B40F25E0096 /* Pods */,
				ED2DAD034FD0AF0077A6449B /* Frameworks */,
			);
			sourceTree = "<group>";
		};
		A44A088D23DBF83600222C33 /* Products */ = {
			isa = PBXGroup;
			children = (
				A44A088C23DBF83600222C33 /* Work it.app */,
			);
			name = Products;
			sourceTree = "<group>";
		};
		A44A088E23DBF83600222C33 /* Work it */ = {
			isa = PBXGroup;
			children = (
				A4AA6EAD23DCA46B0096D1AB /* Services */,
				A4AA6EAA23DCA1730096D1AB /* Utilities  */,
				A44A08A723DBFC3F00222C33 /* Model */,
				A44A08A423DBFB3200222C33 /* Views */,
				A44A08A323DBF90000222C33 /* Controller  */,
				A44A088F23DBF83600222C33 /* AppDelegate.swift */,
				A44A089123DBF83600222C33 /* SceneDelegate.swift */,
				A44A089523DBF83600222C33 /* Main.storyboard */,
				A44A089823DBF83800222C33 /* Assets.xcassets */,
				A44A089A23DBF83800222C33 /* LaunchScreen.storyboard */,
				A44A089D23DBF83800222C33 /* Info.plist */,
			);
			path = "Work it";
			sourceTree = "<group>";
		};
		A44A08A323DBF90000222C33 /* Controller  */ = {
			isa = PBXGroup;
			children = (
				A4AA6EB223DCB17C0096D1AB /* WorkOutVC.swift */,
			);
			path = "Controller ";
			sourceTree = "<group>";
		};
		A44A08A423DBFB3200222C33 /* Views */ = {
			isa = PBXGroup;
			children = (
				A44A08A523DBFB9900222C33 /* TypeCell.swift */,
				A44A08AC23DC042600222C33 /* RoundedLabel.swift */,
				A44A08AE23DC04EC00222C33 /* RoundedButton.swift */,
				A4AA6EB023DCAE8F0096D1AB /* RoundedText.swift */,
			);
			path = Views;
			sourceTree = "<group>";
		};
		A44A08A723DBFC3F00222C33 /* Model */ = {
			isa = PBXGroup;
			children = (
				A44A08A823DBFC4C00222C33 /* workOut.swift */,
			);
			path = Model;
			sourceTree = "<group>";
		};
		A4AA6EAA23DCA1730096D1AB /* Utilities  */ = {
			isa = PBXGroup;
			children = (
				A4AA6EAB23DCA1820096D1AB /* Constants.swift */,
			);
			path = "Utilities ";
			sourceTree = "<group>";
		};
		A4AA6EAD23DCA46B0096D1AB /* Services */ = {
			isa = PBXGroup;
			children = (
			);
			path = Services;
			sourceTree = "<group>";
		};
		D30E5F3DFFAE2B40F25E0096 /* Pods */ = {
			isa = PBXGroup;
			children = (
				2EEBB7CF43BBAC000BEB7705 /* Pods-Work it.debug.xcconfig */,
				EF51A520E00EAF48C016EBD5 /* Pods-Work it.release.xcconfig */,
			);
			name = Pods;
			sourceTree = "<group>";
		};
		ED2DAD034FD0AF0077A6449B /* Frameworks */ = {
			isa = PBXGroup;
			children = (
				8C74F937F9C1417FB87ECB35 /* Pods_Work_it.framework */,
			);
			name = Frameworks;
			sourceTree = "<group>";
		};
/* End PBXGroup section */

/* Begin PBXNativeTarget section */
		A44A088B23DBF83600222C33 /* Work it */ = {
			isa = PBXNativeTarget;
			buildConfigurationList = A44A08A023DBF83800222C33 /* Build configuration list for PBXNativeTarget "Work it" */;
			buildPhases = (
				1B322A221E1C4EA4B6F71AA7 /* [CP] Check Pods Manifest.lock */,
				A44A088823DBF83600222C33 /* Sources */,
				A44A088923DBF83600222C33 /* Frameworks */,
				A44A088A23DBF83600222C33 /* Resources */,
				96023AB342F420CFBEAA8277 /* [CP] Embed Pods Frameworks */,
			);
			buildRules = (
			);
			dependencies = (
			);
			name = "Work it";
			productName = "Work it";
			productReference = A44A088C23DBF83600222C33 /* Work it.app */;
			productType = "com.apple.product-type.application";
		};
/* End PBXNativeTarget section */

/* Begin PBXProject section */
		A44A088423DBF83600222C33 /* Project object */ = {
			isa = PBXProject;
			attributes = {
				LastSwiftUpdateCheck = 1130;
				LastUpgradeCheck = 1130;
				ORGANIZATIONNAME = "Juan Luque";
				TargetAttributes = {
					A44A088B23DBF83600222C33 = {
						CreatedOnToolsVersion = 11.3.1;
					};
				};
			};
			buildConfigurationList = A44A088723DBF83600222C33 /* Build configuration list for PBXProject "Work it" */;
			compatibilityVersion = "Xcode 9.3";
			developmentRegion = en;
			hasScannedForEncodings = 0;
			knownRegions = (
				en,
				Base,
			);
			mainGroup = A44A088323DBF83600222C33;
			productRefGroup = A44A088D23DBF83600222C33 /* Products */;
			projectDirPath = "";
			projectRoot = "";
			targets = (
				A44A088B23DBF83600222C33 /* Work it */,
			);
		};
/* End PBXProject section */

/* Begin PBXResourcesBuildPhase section */
		A44A088A23DBF83600222C33 /* Resources */ = {
			isa = PBXResourcesBuildPhase;
			buildActionMask = 2147483647;
			files = (
				A44A089C23DBF83800222C33 /* LaunchScreen.storyboard in Resources */,
				A44A089923DBF83800222C33 /* Assets.xcassets in Resources */,
				A44A089723DBF83600222C33 /* Main.storyboard in Resources */,
			);
			runOnlyForDeploymentPostprocessing = 0;
		};
/* End PBXResourcesBuildPhase section */

/* Begin PBXShellScriptBuildPhase section */
		1B322A221E1C4EA4B6F71AA7 /* [CP] Check Pods Manifest.lock */ = {
			isa = PBXShellScriptBuildPhase;
			buildActionMask = 2147483647;
			files = (
			);
			inputPaths = (
				"${PODS_PODFILE_DIR_PATH}/Podfile.lock",
				"${PODS_ROOT}/Manifest.lock",
			);
			name = "[CP] Check Pods Manifest.lock";
			outputPaths = (
				"$(DERIVED_FILE_DIR)/Pods-Work it-checkManifestLockResult.txt",
			);
			runOnlyForDeploymentPostprocessing = 0;
			shellPath = /bin/sh;
			shellScript = "diff \"${PODS_PODFILE_DIR_PATH}/Podfile.lock\" \"${PODS_ROOT}/Manifest.lock\" > /dev/null\nif [ $? != 0 ] ; then\n    # print error to STDERR\n    echo \"error: The sandbox is not in sync with the Podfile.lock. Run 'pod install' or update your CocoaPods installation.\" >&2\n    exit 1\nfi\n# This output is used by Xcode 'outputs' to avoid re-running this script phase.\necho \"SUCCESS\" > \"${SCRIPT_OUTPUT_FILE_0}\"\n";
			showEnvVarsInLog = 0;
		};
		96023AB342F420CFBEAA8277 /* [CP] Embed Pods Frameworks */ = {
			isa = PBXShellScriptBuildPhase;
			buildActionMask = 2147483647;
			files = (
			);
			inputPaths = (
				"${SRCROOT}/Pods/Target Support Files/Pods-Work it/Pods-Work it-frameworks.sh",
				"${BUILT_PRODUCTS_DIR}/Alamofire/Alamofire.framework",
				"${BUILT_PRODUCTS_DIR}/AlamofireImage/AlamofireImage.framework",
			);
			name = "[CP] Embed Pods Frameworks";
			outputPaths = (
				"${TARGET_BUILD_DIR}/${FRAMEWORKS_FOLDER_PATH}/Alamofire.framework",
				"${TARGET_BUILD_DIR}/${FRAMEWORKS_FOLDER_PATH}/AlamofireImage.framework",
			);
			runOnlyForDeploymentPostprocessing = 0;
			shellPath = /bin/sh;
			shellScript = "\"${SRCROOT}/Pods/Target Support Files/Pods-Work it/Pods-Work it-frameworks.sh\"\n";
			showEnvVarsInLog = 0;
		};
/* End PBXShellScriptBuildPhase section */

/* Begin PBXSourcesBuildPhase section */
		A44A088823DBF83600222C33 /* Sources */ = {
			isa = PBXSourcesBuildPhase;
			buildActionMask = 2147483647;
			files = (
				A44A08A923DBFC4C00222C33 /* workOut.swift in Sources */,
				A44A08AD23DC042600222C33 /* RoundedLabel.swift in Sources */,
				A44A089023DBF83600222C33 /* AppDelegate.swift in Sources */,
				A4AA6EB123DCAE8F0096D1AB /* RoundedText.swift in Sources */,
				A44A08AF23DC04EC00222C33 /* RoundedButton.swift in Sources */,
				A44A089223DBF83600222C33 /* SceneDelegate.swift in Sources */,
				A44A08A623DBFB9900222C33 /* TypeCell.swift in Sources */,
				A4AA6EB323DCB17C0096D1AB /* WorkOutVC.swift in Sources */,
				A4AA6EAC23DCA1820096D1AB /* Constants.swift in Sources */,
			);
			runOnlyForDeploymentPostprocessing = 0;
		};
/* End PBXSourcesBuildPhase section */

/* Begin PBXVariantGroup section */
		A44A089523DBF83600222C33 /* Main.storyboard */ = {
			isa = PBXVariantGroup;
			children = (
				A44A089623DBF83600222C33 /* Base */,
			);
			name = Main.storyboard;
			sourceTree = "<group>";
		};
		A44A089A23DBF83800222C33 /* LaunchScreen.storyboard */ = {
			isa = PBXVariantGroup;
			children = (
				A44A089B23DBF83800222C33 /* Base */,
			);
			name = LaunchScreen.storyboard;
			sourceTree = "<group>";
		};
/* End PBXVariantGroup section */

/* Begin XCBuildConfiguration section */
		A44A089E23DBF83800222C33 /* Debug */ = {
			isa = XCBuildConfiguration;
			buildSettings = {
				ALWAYS_SEARCH_USER_PATHS = NO;
				CLANG_ANALYZER_NONNULL = YES;
				CLANG_ANALYZER_NUMBER_OBJECT_CONVERSION = YES_AGGRESSIVE;
				CLANG_CXX_LANGUAGE_STANDARD = "gnu++14";
				CLANG_CXX_LIBRARY = "libc++";
				CLANG_ENABLE_MODULES = YES;
				CLANG_ENABLE_OBJC_ARC = YES;
				CLANG_ENABLE_OBJC_WEAK = YES;
				CLANG_WARN_BLOCK_CAPTURE_AUTORELEASING = YES;
				CLANG_WARN_BOOL_CONVERSION = YES;
				CLANG_WARN_COMMA = YES;
				CLANG_WARN_CONSTANT_CONVERSION = YES;
				CLANG_WARN_DEPRECATED_OBJC_IMPLEMENTATIONS = YES;
				CLANG_WARN_DIRECT_OBJC_ISA_USAGE = YES_ERROR;
				CLANG_WARN_DOCUMENTATION_COMMENTS = YES;
				CLANG_WARN_EMPTY_BODY = YES;
				CLANG_WARN_ENUM_CONVERSION = YES;
				CLANG_WARN_INFINITE_RECURSION = YES;
				CLANG_WARN_INT_CONVERSION = YES;
				CLANG_WARN_NON_LITERAL_NULL_CONVERSION = YES;
				CLANG_WARN_OBJC_IMPLICIT_RETAIN_SELF = YES;
				CLANG_WARN_OBJC_LITERAL_CONVERSION = YES;
				CLANG_WARN_OBJC_ROOT_CLASS = YES_ERROR;
				CLANG_WARN_RANGE_LOOP_ANALYSIS = YES;
				CLANG_WARN_STRICT_PROTOTYPES = YES;
				CLANG_WARN_SUSPICIOUS_MOVE = YES;
				CLANG_WARN_UNGUARDED_AVAILABILITY = YES_AGGRESSIVE;
				CLANG_WARN_UNREACHABLE_CODE = YES;
				CLANG_WARN__DUPLICATE_METHOD_MATCH = YES;
				COPY_PHASE_STRIP = NO;
				DEBUG_INFORMATION_FORMAT = dwarf;
				ENABLE_STRICT_OBJC_MSGSEND = YES;
				ENABLE_TESTABILITY = YES;
				GCC_C_LANGUAGE_STANDARD = gnu11;
				GCC_DYNAMIC_NO_PIC = NO;
				GCC_NO_COMMON_BLOCKS = YES;
				GCC_OPTIMIZATION_LEVEL = 0;
				GCC_PREPROCESSOR_DEFINITIONS = (
					"DEBUG=1",
					"$(inherited)",
				);
				GCC_WARN_64_TO_32_BIT_CONVERSION = YES;
				GCC_WARN_ABOUT_RETURN_TYPE = YES_ERROR;
				GCC_WARN_UNDECLARED_SELECTOR = YES;
				GCC_WARN_UNINITIALIZED_AUTOS = YES_AGGRESSIVE;
				GCC_WARN_UNUSED_FUNCTION = YES;
				GCC_WARN_UNUSED_VARIABLE = YES;
				IPHONEOS_DEPLOYMENT_TARGET = 13.2;
				MTL_ENABLE_DEBUG_INFO = INCLUDE_SOURCE;
				MTL_FAST_MATH = YES;
				ONLY_ACTIVE_ARCH = YES;
				SDKROOT = iphoneos;
				SWIFT_ACTIVE_COMPILATION_CONDITIONS = DEBUG;
				SWIFT_OPTIMIZATION_LEVEL = "-Onone";
			};
			name = Debug;
		};
		A44A089F23DBF83800222C33 /* Release */ = {
			isa = XCBuildConfiguration;
			buildSettings = {
				ALWAYS_SEARCH_USER_PATHS = NO;
				CLANG_ANALYZER_NONNULL = YES;
				CLANG_ANALYZER_NUMBER_OBJECT_CONVERSION = YES_AGGRESSIVE;
				CLANG_CXX_LANGUAGE_STANDARD = "gnu++14";
				CLANG_CXX_LIBRARY = "libc++";
				CLANG_ENABLE_MODULES = YES;
				CLANG_ENABLE_OBJC_ARC = YES;
				CLANG_ENABLE_OBJC_WEAK = YES;
				CLANG_WARN_BLOCK_CAPTURE_AUTORELEASING = YES;
				CLANG_WARN_BOOL_CONVERSION = YES;
				CLANG_WARN_COMMA = YES;
				CLANG_WARN_CONSTANT_CONVERSION = YES;
				CLANG_WARN_DEPRECATED_OBJC_IMPLEMENTATIONS = YES;
				CLANG_WARN_DIRECT_OBJC_ISA_USAGE = YES_ERROR;
				CLANG_WARN_DOCUMENTATION_COMMENTS = YES;
				CLANG_WARN_EMPTY_BODY = YES;
				CLANG_WARN_ENUM_CONVERSION = YES;
				CLANG_WARN_INFINITE_RECURSION = YES;
				CLANG_WARN_INT_CONVERSION = YES;
				CLANG_WARN_NON_LITERAL_NULL_CONVERSION = YES;
				CLANG_WARN_OBJC_IMPLICIT_RETAIN_SELF = YES;
				CLANG_WARN_OBJC_LITERAL_CONVERSION = YES;
				CLANG_WARN_OBJC_ROOT_CLASS = YES_ERROR;
				CLANG_WARN_RANGE_LOOP_ANALYSIS = YES;
				CLANG_WARN_STRICT_PROTOTYPES = YES;
				CLANG_WARN_SUSPICIOUS_MOVE = YES;
				CLANG_WARN_UNGUARDED_AVAILABILITY = YES_AGGRESSIVE;
				CLANG_WARN_UNREACHABLE_CODE = YES;
				CLANG_WARN__DUPLICATE_METHOD_MATCH = YES;
				COPY_PHASE_STRIP = NO;
				DEBUG_INFORMATION_FORMAT = "dwarf-with-dsym";
				ENABLE_NS_ASSERTIONS = NO;
				ENABLE_STRICT_OBJC_MSGSEND = YES;
				GCC_C_LANGUAGE_STANDARD = gnu11;
				GCC_NO_COMMON_BLOCKS = YES;
				GCC_WARN_64_TO_32_BIT_CONVERSION = YES;
				GCC_WARN_ABOUT_RETURN_TYPE = YES_ERROR;
				GCC_WARN_UNDECLARED_SELECTOR = YES;
				GCC_WARN_UNINITIALIZED_AUTOS = YES_AGGRESSIVE;
				GCC_WARN_UNUSED_FUNCTION = YES;
				GCC_WARN_UNUSED_VARIABLE = YES;
				IPHONEOS_DEPLOYMENT_TARGET = 13.2;
				MTL_ENABLE_DEBUG_INFO = NO;
				MTL_FAST_MATH = YES;
				SDKROOT = iphoneos;
				SWIFT_COMPILATION_MODE = wholemodule;
				SWIFT_OPTIMIZATION_LEVEL = "-O";
				VALIDATE_PRODUCT = YES;
			};
			name = Release;
		};
		A44A08A123DBF83800222C33 /* Debug */ = {
			isa = XCBuildConfiguration;
			baseConfigurationReference = 2EEBB7CF43BBAC000BEB7705 /* Pods-Work it.debug.xcconfig */;
			buildSettings = {
				ASSETCATALOG_COMPILER_APPICON_NAME = AppIcon;
				CODE_SIGN_STYLE = Automatic;
				DEVELOPMENT_TEAM = X25CAQ67TT;
				INFOPLIST_FILE = "Work it/Info.plist";
				LD_RUNPATH_SEARCH_PATHS = (
					"$(inherited)",
					"@executable_path/Frameworks",
				);
				PRODUCT_BUNDLE_IDENTIFIER = "com.just.jukess.Work-it";
				PRODUCT_NAME = "$(TARGET_NAME)";
				SWIFT_VERSION = 5.0;
				TARGETED_DEVICE_FAMILY = "1,2";
			};
			name = Debug;
		};
		A44A08A223DBF83800222C33 /* Release */ = {
			isa = XCBuildConfiguration;
			baseConfigurationReference = EF51A520E00EAF48C016EBD5 /* Pods-Work it.release.xcconfig */;
			buildSettings = {
				ASSETCATALOG_COMPILER_APPICON_NAME = AppIcon;
				CODE_SIGN_STYLE = Automatic;
				DEVELOPMENT_TEAM = X25CAQ67TT;
				INFOPLIST_FILE = "Work it/Info.plist";
				LD_RUNPATH_SEARCH_PATHS = (
					"$(inherited)",
					"@executable_path/Frameworks",
				);
				PRODUCT_BUNDLE_IDENTIFIER = "com.just.jukess.Work-it";
				PRODUCT_NAME = "$(TARGET_NAME)";
				SWIFT_VERSION = 5.0;
				TARGETED_DEVICE_FAMILY = "1,2";
			};
			name = Release;
		};
/* End XCBuildConfiguration section */

/* Begin XCConfigurationList section */
		A44A088723DBF83600222C33 /* Build configuration list for PBXProject "Work it" */ = {
			isa = XCConfigurationList;
			buildConfigurations = (
				A44A089E23DBF83800222C33 /* Debug */,
				A44A089F23DBF83800222C33 /* Release */,
			);
			defaultConfigurationIsVisible = 0;
			defaultConfigurationName = Release;
		};
		A44A08A023DBF83800222C33 /* Build configuration list for PBXNativeTarget "Work it" */ = {
			isa = XCConfigurationList;
			buildConfigurations = (
				A44A08A123DBF83800222C33 /* Debug */,
				A44A08A223DBF83800222C33 /* Release */,
			);
			defaultConfigurationIsVisible = 0;
			defaultConfigurationName = Release;
		};
/* End XCConfigurationList section */
	};
	rootObject = A44A088423DBF83600222C33 /* Project object */;
}
